// !$*UTF8*$!
{
	archiveVersion = 1;
	classes = {
	};
	objectVersion = 55;
	objects = {

/* Begin PBXBuildFile section */
		6F0950B726BCDB69004F954E /* Tests_iOS.swift in Sources */ = {isa = PBXBuildFile; fileRef = 6F0950B626BCDB69004F954E /* Tests_iOS.swift */; };
		6F0950C126BCDB69004F954E /* Tests_macOS.swift in Sources */ = {isa = PBXBuildFile; fileRef = 6F0950C026BCDB69004F954E /* Tests_macOS.swift */; };
		6F0950C226BCDB69004F954E /* Bin2DecApp.swift in Sources */ = {isa = PBXBuildFile; fileRef = 6F0950A026BCDB67004F954E /* Bin2DecApp.swift */; };
		6F0950C326BCDB69004F954E /* Bin2DecApp.swift in Sources */ = {isa = PBXBuildFile; fileRef = 6F0950A026BCDB67004F954E /* Bin2DecApp.swift */; };
		6F0950C426BCDB69004F954E /* ContentView.swift in Sources */ = {isa = PBXBuildFile; fileRef = 6F0950A126BCDB67004F954E /* ContentView.swift */; };
		6F0950C526BCDB69004F954E /* ContentView.swift in Sources */ = {isa = PBXBuildFile; fileRef = 6F0950A126BCDB67004F954E /* ContentView.swift */; };
		6F0950C626BCDB69004F954E /* Assets.xcassets in Resources */ = {isa = PBXBuildFile; fileRef = 6F0950A226BCDB69004F954E /* Assets.xcassets */; };
		6F0950C726BCDB69004F954E /* Assets.xcassets in Resources */ = {isa = PBXBuildFile; fileRef = 6F0950A226BCDB69004F954E /* Assets.xcassets */; };
/* End PBXBuildFile section */

/* Begin PBXContainerItemProxy section */
		6F0950B326BCDB69004F954E /* PBXContainerItemProxy */ = {
			isa = PBXContainerItemProxy;
			containerPortal = 6F09509B26BCDB67004F954E /* Project object */;
			proxyType = 1;
			remoteGlobalIDString = 6F0950A626BCDB69004F954E;
			remoteInfo = "Bin2Dec (iOS)";
		};
		6F0950BD26BCDB69004F954E /* PBXContainerItemProxy */ = {
			isa = PBXContainerItemProxy;
			containerPortal = 6F09509B26BCDB67004F954E /* Project object */;
			proxyType = 1;
			remoteGlobalIDString = 6F0950AC26BCDB69004F954E;
			remoteInfo = "Bin2Dec (macOS)";
		};
/* End PBXContainerItemProxy section */

/* Begin PBXFileReference section */
		6F0950A026BCDB67004F954E /* Bin2DecApp.swift */ = {isa = PBXFileReference; lastKnownFileType = sourcecode.swift; path = Bin2DecApp.swift; sourceTree = "<group>"; };
		6F0950A126BCDB67004F954E /* ContentView.swift */ = {isa = PBXFileReference; lastKnownFileType = sourcecode.swift; path = ContentView.swift; sourceTree = "<group>"; };
		6F0950A226BCDB69004F954E /* Assets.xcassets */ = {isa = PBXFileReference; lastKnownFileType = folder.assetcatalog; path = Assets.xcassets; sourceTree = "<group>"; };
		6F0950A726BCDB69004F954E /* Bin2Dec.app */ = {isa = PBXFileReference; explicitFileType = wrapper.application; includeInIndex = 0; path = Bin2Dec.app; sourceTree = BUILT_PRODUCTS_DIR; };
		6F0950AD26BCDB69004F954E /* Bin2Dec.app */ = {isa = PBXFileReference; explicitFileType = wrapper.application; includeInIndex = 0; path = Bin2Dec.app; sourceTree = BUILT_PRODUCTS_DIR; };
		6F0950B226BCDB69004F954E /* Tests iOS.xctest */ = {isa = PBXFileReference; explicitFileType = wrapper.cfbundle; includeInIndex = 0; path = "Tests iOS.xctest"; sourceTree = BUILT_PRODUCTS_DIR; };
		6F0950B626BCDB69004F954E /* Tests_iOS.swift */ = {isa = PBXFileReference; lastKnownFileType = sourcecode.swift; path = Tests_iOS.swift; sourceTree = "<group>"; };
		6F0950BC26BCDB69004F954E /* Tests macOS.xctest */ = {isa = PBXFileReference; explicitFileType = wrapper.cfbundle; includeInIndex = 0; path = "Tests macOS.xctest"; sourceTree = BUILT_PRODUCTS_DIR; };
		6F0950C026BCDB69004F954E /* Tests_macOS.swift */ = {isa = PBXFileReference; lastKnownFileType = sourcecode.swift; path = Tests_macOS.swift; sourceTree = "<group>"; };
/* End PBXFileReference section */

/* Begin PBXFrameworksBuildPhase section */
		6F0950A426BCDB69004F954E /* Frameworks */ = {
			isa = PBXFrameworksBuildPhase;
			buildActionMask = 2147483647;
			files = (
			);
			runOnlyForDeploymentPostprocessing = 0;
		};
		6F0950AA26BCDB69004F954E /* Frameworks */ = {
			isa = PBXFrameworksBuildPhase;
			buildActionMask = 2147483647;
			files = (
			);
			runOnlyForDeploymentPostprocessing = 0;
		};
		6F0950AF26BCDB69004F954E /* Frameworks */ = {
			isa = PBXFrameworksBuildPhase;
			buildActionMask = 2147483647;
			files = (
			);
			runOnlyForDeploymentPostprocessing = 0;
		};
		6F0950B926BCDB69004F954E /* Frameworks */ = {
			isa = PBXFrameworksBuildPhase;
			buildActionMask = 2147483647;
			files = (
			);
			runOnlyForDeploymentPostprocessing = 0;
		};
/* End PBXFrameworksBuildPhase section */

/* Begin PBXGroup section */
		6F09509A26BCDB67004F954E = {
			isa = PBXGroup;
			children = (
				6F09509F26BCDB67004F954E /* Shared */,
				6F0950B526BCDB69004F954E /* Tests iOS */,
				6F0950BF26BCDB69004F954E /* Tests macOS */,
				6F0950A826BCDB69004F954E /* Products */,
			);
			sourceTree = "<group>";
		};
		6F09509F26BCDB67004F954E /* Shared */ = {
			isa = PBXGroup;
			children = (
				6F0950A026BCDB67004F954E /* Bin2DecApp.swift */,
				6F0950A126BCDB67004F954E /* ContentView.swift */,
				6F0950A226BCDB69004F954E /* Assets.xcassets */,
			);
			path = Shared;
			sourceTree = "<group>";
		};
		6F0950A826BCDB69004F954E /* Products */ = {
			isa = PBXGroup;
			children = (
				6F0950A726BCDB69004F954E /* Bin2Dec.app */,
				6F0950AD26BCDB69004F954E /* Bin2Dec.app */,
				6F0950B226BCDB69004F954E /* Tests iOS.xctest */,
				6F0950BC26BCDB69004F954E /* Tests macOS.xctest */,
			);
			name = Products;
			sourceTree = "<group>";
		};
		6F0950B526BCDB69004F954E /* Tests iOS */ = {
			isa = PBXGroup;
			children = (
				6F0950B626BCDB69004F954E /* Tests_iOS.swift */,
			);
			path = "Tests iOS";
			sourceTree = "<group>";
		};
		6F0950BF26BCDB69004F954E /* Tests macOS */ = {
			isa = PBXGroup;
			children = (
				6F0950C026BCDB69004F954E /* Tests_macOS.swift */,
			);
			path = "Tests macOS";
			sourceTree = "<group>";
		};
/* End PBXGroup section */

/* Begin PBXNativeTarget section */
		6F0950A626BCDB69004F954E /* Bin2Dec (iOS) */ = {
			isa = PBXNativeTarget;
			buildConfigurationList = 6F0950CA26BCDB69004F954E /* Build configuration list for PBXNativeTarget "Bin2Dec (iOS)" */;
			buildPhases = (
				6F0950A326BCDB69004F954E /* Sources */,
				6F0950A426BCDB69004F954E /* Frameworks */,
				6F0950A526BCDB69004F954E /* Resources */,
			);
			buildRules = (
			);
			dependencies = (
			);
			name = "Bin2Dec (iOS)";
			productName = "Bin2Dec (iOS)";
			productReference = 6F0950A726BCDB69004F954E /* Bin2Dec.app */;
			productType = "com.apple.product-type.application";
		};
		6F0950AC26BCDB69004F954E /* Bin2Dec (macOS) */ = {
			isa = PBXNativeTarget;
			buildConfigurationList = 6F0950CD26BCDB69004F954E /* Build configuration list for PBXNativeTarget "Bin2Dec (macOS)" */;
			buildPhases = (
				6F0950A926BCDB69004F954E /* Sources */,
				6F0950AA26BCDB69004F954E /* Frameworks */,
				6F0950AB26BCDB69004F954E /* Resources */,
			);
			buildRules = (
			);
			dependencies = (
			);
			name = "Bin2Dec (macOS)";
			productName = "Bin2Dec (macOS)";
			productReference = 6F0950AD26BCDB69004F954E /* Bin2Dec.app */;
			productType = "com.apple.product-type.application";
		};
		6F0950B126BCDB69004F954E /* Tests iOS */ = {
			isa = PBXNativeTarget;
			buildConfigurationList = 6F0950D026BCDB69004F954E /* Build configuration list for PBXNativeTarget "Tests iOS" */;
			buildPhases = (
				6F0950AE26BCDB69004F954E /* Sources */,
				6F0950AF26BCDB69004F954E /* Frameworks */,
				6F0950B026BCDB69004F954E /* Resources */,
			);
			buildRules = (
			);
			dependencies = (
				6F0950B426BCDB69004F954E /* PBXTargetDependency */,
			);
			name = "Tests iOS";
			productName = "Tests iOS";
			productReference = 6F0950B226BCDB69004F954E /* Tests iOS.xctest */;
			productType = "com.apple.product-type.bundle.ui-testing";
		};
		6F0950BB26BCDB69004F954E /* Tests macOS */ = {
			isa = PBXNativeTarget;
			buildConfigurationList = 6F0950D326BCDB69004F954E /* Build configuration list for PBXNativeTarget "Tests macOS" */;
			buildPhases = (
				6F0950B826BCDB69004F954E /* Sources */,
				6F0950B926BCDB69004F954E /* Frameworks */,
				6F0950BA26BCDB69004F954E /* Resources */,
			);
			buildRules = (
			);
			dependencies = (
				6F0950BE26BCDB69004F954E /* PBXTargetDependency */,
			);
			name = "Tests macOS";
			productName = "Tests macOS";
			productReference = 6F0950BC26BCDB69004F954E /* Tests macOS.xctest */;
			productType = "com.apple.product-type.bundle.ui-testing";
		};
/* End PBXNativeTarget section */

/* Begin PBXProject section */
		6F09509B26BCDB67004F954E /* Project object */ = {
			isa = PBXProject;
			attributes = {
				BuildIndependentTargetsInParallel = 1;
				LastSwiftUpdateCheck = 1300;
				LastUpgradeCheck = 1300;
				TargetAttributes = {
					6F0950A626BCDB69004F954E = {
						CreatedOnToolsVersion = 13.0;
					};
					6F0950AC26BCDB69004F954E = {
						CreatedOnToolsVersion = 13.0;
					};
					6F0950B126BCDB69004F954E = {
						CreatedOnToolsVersion = 13.0;
						TestTargetID = 6F0950A626BCDB69004F954E;
					};
					6F0950BB26BCDB69004F954E = {
						CreatedOnToolsVersion = 13.0;
						TestTargetID = 6F0950AC26BCDB69004F954E;
					};
				};
			};
			buildConfigurationList = 6F09509E26BCDB67004F954E /* Build configuration list for PBXProject "Bin2Dec" */;
			compatibilityVersion = "Xcode 13.0";
			developmentRegion = en;
			hasScannedForEncodings = 0;
			knownRegions = (
				en,
				Base,
			);
			mainGroup = 6F09509A26BCDB67004F954E;
			productRefGroup = 6F0950A826BCDB69004F954E /* Products */;
			projectDirPath = "";
			projectRoot = "";
			targets = (
				6F0950A626BCDB69004F954E /* Bin2Dec (iOS) */,
				6F0950AC26BCDB69004F954E /* Bin2Dec (macOS) */,
				6F0950B126BCDB69004F954E /* Tests iOS */,
				6F0950BB26BCDB69004F954E /* Tests macOS */,
			);
		};
/* End PBXProject section */

/* Begin PBXResourcesBuildPhase section */
		6F0950A526BCDB69004F954E /* Resources */ = {
			isa = PBXResourcesBuildPhase;
			buildActionMask = 2147483647;
			files = (
				6F0950C626BCDB69004F954E /* Assets.xcassets in Resources */,
			);
			runOnlyForDeploymentPostprocessing = 0;
		};
		6F0950AB26BCDB69004F954E /* Resources */ = {
			isa = PBXResourcesBuildPhase;
			buildActionMask = 2147483647;
			files = (
				6F0950C726BCDB69004F954E /* Assets.xcassets in Resources */,
			);
			runOnlyForDeploymentPostprocessing = 0;
		};
		6F0950B026BCDB69004F954E /* Resources */ = {
			isa = PBXResourcesBuildPhase;
			buildActionMask = 2147483647;
			files = (
			);
			runOnlyForDeploymentPostprocessing = 0;
		};
		6F0950BA26BCDB69004F954E /* Resources */ = {
			isa = PBXResourcesBuildPhase;
			buildActionMask = 2147483647;
			files = (
			);
			runOnlyForDeploymentPostprocessing = 0;
		};
/* End PBXResourcesBuildPhase section */

/* Begin PBXSourcesBuildPhase section */
		6F0950A326BCDB69004F954E /* Sources */ = {
			isa = PBXSourcesBuildPhase;
			buildActionMask = 2147483647;
			files = (
				6F0950C426BCDB69004F954E /* ContentView.swift in Sources */,
				6F0950C226BCDB69004F954E /* Bin2DecApp.swift in Sources */,
			);
			runOnlyForDeploymentPostprocessing = 0;
		};
		6F0950A926BCDB69004F954E /* Sources */ = {
			isa = PBXSourcesBuildPhase;
			buildActionMask = 2147483647;
			files = (
				6F0950C526BCDB69004F954E /* ContentView.swift in Sources */,
				6F0950C326BCDB69004F954E /* Bin2DecApp.swift in Sources */,
			);
			runOnlyForDeploymentPostprocessing = 0;
		};
		6F0950AE26BCDB69004F954E /* Sources */ = {
			isa = PBXSourcesBuildPhase;
			buildActionMask = 2147483647;
			files = (
				6F0950B726BCDB69004F954E /* Tests_iOS.swift in Sources */,
			);
			runOnlyForDeploymentPostprocessing = 0;
		};
		6F0950B826BCDB69004F954E /* Sources */ = {
			isa = PBXSourcesBuildPhase;
			buildActionMask = 2147483647;
			files = (
				6F0950C126BCDB69004F954E /* Tests_macOS.swift in Sources */,
			);
			runOnlyForDeploymentPostprocessing = 0;
		};
/* End PBXSourcesBuildPhase section */

/* Begin PBXTargetDependency section */
		6F0950B426BCDB69004F954E /* PBXTargetDependency */ = {
			isa = PBXTargetDependency;
			target = 6F0950A626BCDB69004F954E /* Bin2Dec (iOS) */;
			targetProxy = 6F0950B326BCDB69004F954E /* PBXContainerItemProxy */;
		};
		6F0950BE26BCDB69004F954E /* PBXTargetDependency */ = {
			isa = PBXTargetDependency;
			target = 6F0950AC26BCDB69004F954E /* Bin2Dec (macOS) */;
			targetProxy = 6F0950BD26BCDB69004F954E /* PBXContainerItemProxy */;
		};
/* End PBXTargetDependency section */

/* Begin XCBuildConfiguration section */
		6F0950C826BCDB69004F954E /* Debug */ = {
			isa = XCBuildConfiguration;
			buildSettings = {
				ALWAYS_SEARCH_USER_PATHS = NO;
				CLANG_ANALYZER_NONNULL = YES;
				CLANG_ANALYZER_NUMBER_OBJECT_CONVERSION = YES_AGGRESSIVE;
				CLANG_CXX_LANGUAGE_STANDARD = "gnu++14";
				CLANG_CXX_LIBRARY = "libc++";
				CLANG_ENABLE_MODULES = YES;
				CLANG_ENABLE_OBJC_ARC = YES;
				CLANG_ENABLE_OBJC_WEAK = YES;
				CLANG_WARN_BLOCK_CAPTURE_AUTORELEASING = YES;
				CLANG_WARN_BOOL_CONVERSION = YES;
				CLANG_WARN_COMMA = YES;
				CLANG_WARN_CONSTANT_CONVERSION = YES;
				CLANG_WARN_DEPRECATED_OBJC_IMPLEMENTATIONS = YES;
				CLANG_WARN_DIRECT_OBJC_ISA_USAGE = YES_ERROR;
				CLANG_WARN_DOCUMENTATION_COMMENTS = YES;
				CLANG_WARN_EMPTY_BODY = YES;
				CLANG_WARN_ENUM_CONVERSION = YES;
				CLANG_WARN_INFINITE_RECURSION = YES;
				CLANG_WARN_INT_CONVERSION = YES;
				CLANG_WARN_NON_LITERAL_NULL_CONVERSION = YES;
				CLANG_WARN_OBJC_IMPLICIT_RETAIN_SELF = YES;
				CLANG_WARN_OBJC_LITERAL_CONVERSION = YES;
				CLANG_WARN_OBJC_ROOT_CLASS = YES_ERROR;
				CLANG_WARN_QUOTED_INCLUDE_IN_FRAMEWORK_HEADER = YES;
				CLANG_WARN_RANGE_LOOP_ANALYSIS = YES;
				CLANG_WARN_STRICT_PROTOTYPES = YES;
				CLANG_WARN_SUSPICIOUS_MOVE = YES;
				CLANG_WARN_UNGUARDED_AVAILABILITY = YES_AGGRESSIVE;
				CLANG_WARN_UNREACHABLE_CODE = YES;
				CLANG_WARN__DUPLICATE_METHOD_MATCH = YES;
				COPY_PHASE_STRIP = NO;
				DEBUG_INFORMATION_FORMAT = dwarf;
				ENABLE_STRICT_OBJC_MSGSEND = YES;
				ENABLE_TESTABILITY = YES;
				GCC_C_LANGUAGE_STANDARD = gnu11;
				GCC_DYNAMIC_NO_PIC = NO;
				GCC_NO_COMMON_BLOCKS = YES;
				GCC_OPTIMIZATION_LEVEL = 0;
				GCC_PREPROCESSOR_DEFINITIONS = (
					"DEBUG=1",
					"$(inherited)",
				);
				GCC_WARN_64_TO_32_BIT_CONVERSION = YES;
				GCC_WARN_ABOUT_RETURN_TYPE = YES_ERROR;
				GCC_WARN_UNDECLARED_SELECTOR = YES;
				GCC_WARN_UNINITIALIZED_AUTOS = YES_AGGRESSIVE;
				GCC_WARN_UNUSED_FUNCTION = YES;
				GCC_WARN_UNUSED_VARIABLE = YES;
				MTL_ENABLE_DEBUG_INFO = INCLUDE_SOURCE;
				MTL_FAST_MATH = YES;
				ONLY_ACTIVE_ARCH = YES;
				SWIFT_ACTIVE_COMPILATION_CONDITIONS = DEBUG;
				SWIFT_OPTIMIZATION_LEVEL = "-Onone";
			};
			name = Debug;
		};
		6F0950C926BCDB69004F954E /* Release */ = {
			isa = XCBuildConfiguration;
			buildSettings = {
				ALWAYS_SEARCH_USER_PATHS = NO;
				CLANG_ANALYZER_NONNULL = YES;
				CLANG_ANALYZER_NUMBER_OBJECT_CONVERSION = YES_AGGRESSIVE;
				CLANG_CXX_LANGUAGE_STANDARD = "gnu++14";
				CLANG_CXX_LIBRARY = "libc++";
				CLANG_ENABLE_MODULES = YES;
				CLANG_ENABLE_OBJC_ARC = YES;
				CLANG_ENABLE_OBJC_WEAK = YES;
				CLANG_WARN_BLOCK_CAPTURE_AUTORELEASING = YES;
				CLANG_WARN_BOOL_CONVERSION = YES;
				CLANG_WARN_COMMA = YES;
				CLANG_WARN_CONSTANT_CONVERSION = YES;
				CLANG_WARN_DEPRECATED_OBJC_IMPLEMENTATIONS = YES;
				CLANG_WARN_DIRECT_OBJC_ISA_USAGE = YES_ERROR;
				CLANG_WARN_DOCUMENTATION_COMMENTS = YES;
				CLANG_WARN_EMPTY_BODY = YES;
				CLANG_WARN_ENUM_CONVERSION = YES;
				CLANG_WARN_INFINITE_RECURSION = YES;
				CLANG_WARN_INT_CONVERSION = YES;
				CLANG_WARN_NON_LITERAL_NULL_CONVERSION = YES;
				CLANG_WARN_OBJC_IMPLICIT_RETAIN_SELF = YES;
				CLANG_WARN_OBJC_LITERAL_CONVERSION = YES;
				CLANG_WARN_OBJC_ROOT_CLASS = YES_ERROR;
				CLANG_WARN_QUOTED_INCLUDE_IN_FRAMEWORK_HEADER = YES;
				CLANG_WARN_RANGE_LOOP_ANALYSIS = YES;
				CLANG_WARN_STRICT_PROTOTYPES = YES;
				CLANG_WARN_SUSPICIOUS_MOVE = YES;
				CLANG_WARN_UNGUARDED_AVAILABILITY = YES_AGGRESSIVE;
				CLANG_WARN_UNREACHABLE_CODE = YES;
				CLANG_WARN__DUPLICATE_METHOD_MATCH = YES;
				COPY_PHASE_STRIP = NO;
				DEBUG_INFORMATION_FORMAT = "dwarf-with-dsym";
				ENABLE_NS_ASSERTIONS = NO;
				ENABLE_STRICT_OBJC_MSGSEND = YES;
				GCC_C_LANGUAGE_STANDARD = gnu11;
				GCC_NO_COMMON_BLOCKS = YES;
				GCC_WARN_64_TO_32_BIT_CONVERSION = YES;
				GCC_WARN_ABOUT_RETURN_TYPE = YES_ERROR;
				GCC_WARN_UNDECLARED_SELECTOR = YES;
				GCC_WARN_UNINITIALIZED_AUTOS = YES_AGGRESSIVE;
				GCC_WARN_UNUSED_FUNCTION = YES;
				GCC_WARN_UNUSED_VARIABLE = YES;
				MTL_ENABLE_DEBUG_INFO = NO;
				MTL_FAST_MATH = YES;
				SWIFT_COMPILATION_MODE = wholemodule;
				SWIFT_OPTIMIZATION_LEVEL = "-O";
			};
			name = Release;
		};
		6F0950CB26BCDB69004F954E /* Debug */ = {
			isa = XCBuildConfiguration;
			buildSettings = {
				ASSETCATALOG_COMPILER_APPICON_NAME = AppIcon;
				ASSETCATALOG_COMPILER_GLOBAL_ACCENT_COLOR_NAME = AccentColor;
				CODE_SIGN_STYLE = Automatic;
				CURRENT_PROJECT_VERSION = 1;
				DEVELOPMENT_TEAM = K328B98U3F;
				ENABLE_PREVIEWS = YES;
				GENERATE_INFOPLIST_FILE = YES;
				INFOPLIST_KEY_UIApplicationSceneManifest_Generation = YES;
				INFOPLIST_KEY_UIApplicationSupportsIndirectInputEvents = YES;
				INFOPLIST_KEY_UILaunchScreen_Generation = YES;
				INFOPLIST_KEY_UISupportedInterfaceOrientations_iPad = "UIInterfaceOrientationPortrait UIInterfaceOrientationPortraitUpsideDown UIInterfaceOrientationLandscapeLeft UIInterfaceOrientationLandscapeRight";
				INFOPLIST_KEY_UISupportedInterfaceOrientations_iPhone = "UIInterfaceOrientationPortrait UIInterfaceOrientationLandscapeLeft UIInterfaceOrientationLandscapeRight";
				IPHONEOS_DEPLOYMENT_TARGET = 14.0;
				LD_RUNPATH_SEARCH_PATHS = (
					"$(inherited)",
					"@executable_path/Frameworks",
				);
				MARKETING_VERSION = 1.0;
				PRODUCT_BUNDLE_IDENTIFIER = luizcarlos.sa.Bin2Dec;
				PRODUCT_NAME = Bin2Dec;
				SDKROOT = iphoneos;
				SWIFT_EMIT_LOC_STRINGS = YES;
				SWIFT_VERSION = 5.0;
				TARGETED_DEVICE_FAMILY = "1,2";
			};
			name = Debug;
		};
		6F0950CC26BCDB69004F954E /* Release */ = {
			isa = XCBuildConfiguration;
			buildSettings = {
				ASSETCATALOG_COMPILER_APPICON_NAME = AppIcon;
				ASSETCATALOG_COMPILER_GLOBAL_ACCENT_COLOR_NAME = AccentColor;
				CODE_SIGN_STYLE = Automatic;
				CURRENT_PROJECT_VERSION = 1;
				DEVELOPMENT_TEAM = K328B98U3F;
				ENABLE_PREVIEWS = YES;
				GENERATE_INFOPLIST_FILE = YES;
				INFOPLIST_KEY_UIApplicationSceneManifest_Generation = YES;
				INFOPLIST_KEY_UIApplicationSupportsIndirectInputEvents = YES;
				INFOPLIST_KEY_UILaunchScreen_Generation = YES;
				INFOPLIST_KEY_UISupportedInterfaceOrientations_iPad = "UIInterfaceOrientationPortrait UIInterfaceOrientationPortraitUpsideDown UIInterfaceOrientationLandscapeLeft UIInterfaceOrientationLandscapeRight";
				INFOPLIST_KEY_UISupportedInterfaceOrientations_iPhone = "UIInterfaceOrientationPortrait UIInterfaceOrientationLandscapeLeft UIInterfaceOrientationLandscapeRight";
				IPHONEOS_DEPLOYMENT_TARGET = 14.0;
				LD_RUNPATH_SEARCH_PATHS = (
					"$(inherited)",
					"@executable_path/Frameworks",
				);
				MARKETING_VERSION = 1.0;
				PRODUCT_BUNDLE_IDENTIFIER = luizcarlos.sa.Bin2Dec;
				PRODUCT_NAME = Bin2Dec;
				SDKROOT = iphoneos;
				SWIFT_EMIT_LOC_STRINGS = YES;
				SWIFT_VERSION = 5.0;
				TARGETED_DEVICE_FAMILY = "1,2";
				VALIDATE_PRODUCT = YES;
			};
			name = Release;
		};
		6F0950CE26BCDB69004F954E /* Debug */ = {
			isa = XCBuildConfiguration;
			buildSettings = {
				ASSETCATALOG_COMPILER_APPICON_NAME = AppIcon;
				ASSETCATALOG_COMPILER_GLOBAL_ACCENT_COLOR_NAME = AccentColor;
				CODE_SIGN_STYLE = Automatic;
				COMBINE_HIDPI_IMAGES = YES;
				CURRENT_PROJECT_VERSION = 1;
				DEVELOPMENT_TEAM = K328B98U3F;
				ENABLE_APP_SANDBOX = YES;
				ENABLE_HARDENED_RUNTIME = YES;
				ENABLE_PREVIEWS = YES;
				ENABLE_USER_SELECTED_FILES = readonly;
				GENERATE_INFOPLIST_FILE = YES;
				INFOPLIST_KEY_NSHumanReadableCopyright = "";
				LD_RUNPATH_SEARCH_PATHS = (
					"$(inherited)",
					"@executable_path/../Frameworks",
				);
				MACOSX_DEPLOYMENT_TARGET = 11.0;
				MARKETING_VERSION = 1.0;
				PRODUCT_BUNDLE_IDENTIFIER = luizcarlos.sa.Bin2Dec;
				PRODUCT_NAME = Bin2Dec;
				SDKROOT = macosx;
				SWIFT_EMIT_LOC_STRINGS = YES;
				SWIFT_VERSION = 5.0;
			};
			name = Debug;
		};
		6F0950CF26BCDB69004F954E /* Release */ = {
			isa = XCBuildConfiguration;
			buildSettings = {
				ASSETCATALOG_COMPILER_APPICON_NAME = AppIcon;
				ASSETCATALOG_COMPILER_GLOBAL_ACCENT_COLOR_NAME = AccentColor;
				CODE_SIGN_STYLE = Automatic;
				COMBINE_HIDPI_IMAGES = YES;
				CURRENT_PROJECT_VERSION = 1;
				DEVELOPMENT_TEAM = K328B98U3F;
				ENABLE_APP_SANDBOX = YES;
				ENABLE_HARDENED_RUNTIME = YES;
				ENABLE_PREVIEWS = YES;
				ENABLE_USER_SELECTED_FILES = readonly;
				GENERATE_INFOPLIST_FILE = YES;
				INFOPLIST_KEY_NSHumanReadableCopyright = "";
				LD_RUNPATH_SEARCH_PATHS = (
					"$(inherited)",
					"@executable_path/../Frameworks",
				);
				MACOSX_DEPLOYMENT_TARGET = 11.0;
				MARKETING_VERSION = 1.0;
				PRODUCT_BUNDLE_IDENTIFIER = luizcarlos.sa.Bin2Dec;
				PRODUCT_NAME = Bin2Dec;
				SDKROOT = macosx;
				SWIFT_EMIT_LOC_STRINGS = YES;
				SWIFT_VERSION = 5.0;
			};
			name = Release;
		};
		6F0950D126BCDB69004F954E /* Debug */ = {
			isa = XCBuildConfiguration;
			buildSettings = {
				ALWAYS_EMBED_SWIFT_STANDARD_LIBRARIES = YES;
				CODE_SIGN_STYLE = Automatic;
				CURRENT_PROJECT_VERSION = 1;
				DEVELOPMENT_TEAM = K328B98U3F;
				GENERATE_INFOPLIST_FILE = YES;
				IPHONEOS_DEPLOYMENT_TARGET = 15.0;
				LD_RUNPATH_SEARCH_PATHS = (
					"$(inherited)",
					"@executable_path/Frameworks",
					"@loader_path/Frameworks",
				);
				MARKETING_VERSION = 1.0;
				PRODUCT_BUNDLE_IDENTIFIER = "luizcarlos.sa.Tests-iOS";
				PRODUCT_NAME = "$(TARGET_NAME)";
				SDKROOT = iphoneos;
				SWIFT_EMIT_LOC_STRINGS = NO;
				SWIFT_VERSION = 5.0;
				TARGETED_DEVICE_FAMILY = "1,2";
				TEST_TARGET_NAME = "Bin2Dec (iOS)";
			};
			name = Debug;
		};
		6F0950D226BCDB69004F954E /* Release */ = {
			isa = XCBuildConfiguration;
			buildSettings = {
				ALWAYS_EMBED_SWIFT_STANDARD_LIBRARIES = YES;
				CODE_SIGN_STYLE = Automatic;
				CURRENT_PROJECT_VERSION = 1;
				DEVELOPMENT_TEAM = K328B98U3F;
				GENERATE_INFOPLIST_FILE = YES;
				IPHONEOS_DEPLOYMENT_TARGET = 15.0;
				LD_RUNPATH_SEARCH_PATHS = (
					"$(inherited)",
					"@executable_path/Frameworks",
					"@loader_path/Frameworks",
				);
				MARKETING_VERSION = 1.0;
				PRODUCT_BUNDLE_IDENTIFIER = "luizcarlos.sa.Tests-iOS";
				PRODUCT_NAME = "$(TARGET_NAME)";
				SDKROOT = iphoneos;
				SWIFT_EMIT_LOC_STRINGS = NO;
				SWIFT_VERSION = 5.0;
				TARGETED_DEVICE_FAMILY = "1,2";
				TEST_TARGET_NAME = "Bin2Dec (iOS)";
				VALIDATE_PRODUCT = YES;
			};
			name = Release;
		};
		6F0950D426BCDB69004F954E /* Debug */ = {
			isa = XCBuildConfiguration;
			buildSettings = {
				ALWAYS_EMBED_SWIFT_STANDARD_LIBRARIES = YES;
				CODE_SIGN_STYLE = Automatic;
				COMBINE_HIDPI_IMAGES = YES;
				CURRENT_PROJECT_VERSION = 1;
				DEVELOPMENT_TEAM = K328B98U3F;
				GENERATE_INFOPLIST_FILE = YES;
				LD_RUNPATH_SEARCH_PATHS = (
					"$(inherited)",
					"@executable_path/../Frameworks",
					"@loader_path/../Frameworks",
				);
				MACOSX_DEPLOYMENT_TARGET = 11.5;
				MARKETING_VERSION = 1.0;
				PRODUCT_BUNDLE_IDENTIFIER = "luizcarlos.sa.Tests-macOS";
				PRODUCT_NAME = "$(TARGET_NAME)";
				SDKROOT = macosx;
				SWIFT_EMIT_LOC_STRINGS = NO;
				SWIFT_VERSION = 5.0;
				TEST_TARGET_NAME = "Bin2Dec (macOS)";
			};
			name = Debug;
		};
		6F0950D526BCDB69004F954E /* Release */ = {
			isa = XCBuildConfiguration;
			buildSettings = {
				ALWAYS_EMBED_SWIFT_STANDARD_LIBRARIES = YES;
				CODE_SIGN_STYLE = Automatic;
				COMBINE_HIDPI_IMAGES = YES;
				CURRENT_PROJECT_VERSION = 1;
				DEVELOPMENT_TEAM = K328B98U3F;
				GENERATE_INFOPLIST_FILE = YES;
				LD_RUNPATH_SEARCH_PATHS = (
					"$(inherited)",
					"@executable_path/../Frameworks",
					"@loader_path/../Frameworks",
				);
				MACOSX_DEPLOYMENT_TARGET = 11.5;
				MARKETING_VERSION = 1.0;
				PRODUCT_BUNDLE_IDENTIFIER = "luizcarlos.sa.Tests-macOS";
				PRODUCT_NAME = "$(TARGET_NAME)";
				SDKROOT = macosx;
				SWIFT_EMIT_LOC_STRINGS = NO;
				SWIFT_VERSION = 5.0;
				TEST_TARGET_NAME = "Bin2Dec (macOS)";
			};
			name = Release;
		};
/* End XCBuildConfiguration section */

/* Begin XCConfigurationList section */
		6F09509E26BCDB67004F954E /* Build configuration list for PBXProject "Bin2Dec" */ = {
			isa = XCConfigurationList;
			buildConfigurations = (
				6F0950C826BCDB69004F954E /* Debug */,
				6F0950C926BCDB69004F954E /* Release */,
			);
			defaultConfigurationIsVisible = 0;
			defaultConfigurationName = Release;
		};
		6F0950CA26BCDB69004F954E /* Build configuration list for PBXNativeTarget "Bin2Dec (iOS)" */ = {
			isa = XCConfigurationList;
			buildConfigurations = (
				6F0950CB26BCDB69004F954E /* Debug */,
				6F0950CC26BCDB69004F954E /* Release */,
			);
			defaultConfigurationIsVisible = 0;
			defaultConfigurationName = Release;
		};
		6F0950CD26BCDB69004F954E /* Build configuration list for PBXNativeTarget "Bin2Dec (macOS)" */ = {
			isa = XCConfigurationList;
			buildConfigurations = (
				6F0950CE26BCDB69004F954E /* Debug */,
				6F0950CF26BCDB69004F954E /* Release */,
			);
			defaultConfigurationIsVisible = 0;
			defaultConfigurationName = Release;
		};
		6F0950D026BCDB69004F954E /* Build configuration list for PBXNativeTarget "Tests iOS" */ = {
			isa = XCConfigurationList;
			buildConfigurations = (
				6F0950D126BCDB69004F954E /* Debug */,
				6F0950D226BCDB69004F954E /* Release */,
			);
			defaultConfigurationIsVisible = 0;
			defaultConfigurationName = Release;
		};
		6F0950D326BCDB69004F954E /* Build configuration list for PBXNativeTarget "Tests macOS" */ = {
			isa = XCConfigurationList;
			buildConfigurations = (
				6F0950D426BCDB69004F954E /* Debug */,
				6F0950D526BCDB69004F954E /* Release */,
			);
			defaultConfigurationIsVisible = 0;
			defaultConfigurationName = Release;
		};
/* End XCConfigurationList section */
	};
	rootObject = 6F09509B26BCDB67004F954E /* Project object */;
}
